{
  "name": "vue-expense-tracker",
  "version": "0.0.0",
  "lockfileVersion": 2,
  "requires": true,
  "packages": {
    "": {
      "name": "vue-expense-tracker",
      "version": "0.0.0",
      "dependencies": {
        "vue": "^3.3.4"
      },
      "devDependencies": {
        "@vitejs/plugin-vue": "^4.4.0",
        "vite": "^4.4.11"
      }
    },
    "node_modules/@babel/parser": {
      "version": "7.23.5",
      "resolved": "https://pkgs.dev.azure.com/stacc-insight/Pipelines/_packaging/frontend/npm/registry/@babel/parser/-/parser-7.23.5.tgz",
      "integrity": "sha1-N97pfEdSrxSOHTjDS4VrJQdmBWM=",
      "license": "MIT",
      "bin": {
        "parser": "bin/babel-parser.js"
      },
      "engines": {
        "node": ">=6.0.0"
      }
    },
    "node_modules/@esbuild/android-arm": {
      "version": "0.18.20",
      "resolved": "https://pkgs.dev.azure.com/stacc-insight/Pipelines/_packaging/frontend/npm/registry/@esbuild/android-arm/-/android-arm-0.18.20.tgz",
      "integrity": "sha1-/tsmW8OlichMwR+BCATyNJR8NoI=",
      "cpu": [
        "arm"
      ],
      "dev": true,
      "license": "MIT",
      "optional": true,
      "os": [
        "android"
      ],
      "engines": {
        "node": ">=12"
      }
    },
    "node_modules/@esbuild/android-arm64": {
      "version": "0.18.20",
      "resolved": "https://pkgs.dev.azure.com/stacc-insight/Pipelines/_packaging/frontend/npm/registry/@esbuild/android-arm64/-/android-arm64-0.18.20.tgz",
      "integrity": "sha1-mEtPnI0Dd0Q8wt/O8mbQIkRZNiI=",
      "cpu": [
        "arm64"
      ],
      "dev": true,
      "license": "MIT",
      "optional": true,
      "os": [
        "android"
      ],
      "engines": {
        "node": ">=12"
      }
    },
    "node_modules/@esbuild/android-x64": {
      "version": "0.18.20",
      "resolved": "https://pkgs.dev.azure.com/stacc-insight/Pipelines/_packaging/frontend/npm/registry/@esbuild/android-x64/-/android-x64-0.18.20.tgz",
      "integrity": "sha1-Nc9BnEz8i6voiT0pbNmQ6en3VvI=",
      "cpu": [
        "x64"
      ],
      "dev": true,
      "license": "MIT",
      "optional": true,
      "os": [
        "android"
      ],
      "engines": {
        "node": ">=12"
      }
    },
    "node_modules/@esbuild/darwin-arm64": {
      "version": "0.18.20",
      "resolved": "https://pkgs.dev.azure.com/stacc-insight/Pipelines/_packaging/frontend/npm/registry/@esbuild/darwin-arm64/-/darwin-arm64-0.18.20.tgz",
      "integrity": "sha1-CBcsvsz5X7w4M5mn85z73a6w18E=",
      "cpu": [
        "arm64"
      ],
      "dev": true,
      "license": "MIT",
      "optional": true,
      "os": [
        "darwin"
      ],
      "engines": {
        "node": ">=12"
      }
    },
    "node_modules/@esbuild/darwin-x64": {
      "version": "0.18.20",
      "resolved": "https://pkgs.dev.azure.com/stacc-insight/Pipelines/_packaging/frontend/npm/registry/@esbuild/darwin-x64/-/darwin-x64-0.18.20.tgz",
      "integrity": "sha1-1w1XkNi/R1VWtn0Pi3xb3/BT2F0=",
      "cpu": [
        "x64"
      ],
      "dev": true,
      "license": "MIT",
      "optional": true,
      "os": [
        "darwin"
      ],
      "engines": {
        "node": ">=12"
      }
    },
    "node_modules/@esbuild/freebsd-arm64": {
      "version": "0.18.20",
      "resolved": "https://pkgs.dev.azure.com/stacc-insight/Pipelines/_packaging/frontend/npm/registry/@esbuild/freebsd-arm64/-/freebsd-arm64-0.18.20.tgz",
      "integrity": "sha1-mHVc0ScH+T8hDiSU1qS1G5aXf1Q=",
      "cpu": [
        "arm64"
      ],
      "dev": true,
      "license": "MIT",
      "optional": true,
      "os": [
        "freebsd"
      ],
      "engines": {
        "node": ">=12"
      }
    },
    "node_modules/@esbuild/freebsd-x64": {
      "version": "0.18.20",
      "resolved": "https://pkgs.dev.azure.com/stacc-insight/Pipelines/_packaging/frontend/npm/registry/@esbuild/freebsd-x64/-/freebsd-x64-0.18.20.tgz",
      "integrity": "sha1-wesr/wORX4fCnOzkwaf6H0I7Bm4=",
      "cpu": [
        "x64"
      ],
      "dev": true,
      "license": "MIT",
      "optional": true,
      "os": [
        "freebsd"
      ],
      "engines": {
        "node": ">=12"
      }
    },
    "node_modules/@esbuild/linux-arm": {
      "version": "0.18.20",
      "resolved": "https://pkgs.dev.azure.com/stacc-insight/Pipelines/_packaging/frontend/npm/registry/@esbuild/linux-arm/-/linux-arm-0.18.20.tgz",
      "integrity": "sha1-PmF8YfM1CKJxUO5BdUPIq1rMc7A=",
      "cpu": [
        "arm"
      ],
      "dev": true,
      "license": "MIT",
      "optional": true,
      "os": [
        "linux"
      ],
      "engines": {
        "node": ">=12"
      }
    },
    "node_modules/@esbuild/linux-arm64": {
      "version": "0.18.20",
      "resolved": "https://pkgs.dev.azure.com/stacc-insight/Pipelines/_packaging/frontend/npm/registry/@esbuild/linux-arm64/-/linux-arm64-0.18.20.tgz",
      "integrity": "sha1-utQji9j0/CW1oCEoDHcKtfw6AqA=",
      "cpu": [
        "arm64"
      ],
      "dev": true,
      "license": "MIT",
      "optional": true,
      "os": [
        "linux"
      ],
      "engines": {
        "node": ">=12"
      }
    },
    "node_modules/@esbuild/linux-ia32": {
      "version": "0.18.20",
      "resolved": "https://pkgs.dev.azure.com/stacc-insight/Pipelines/_packaging/frontend/npm/registry/@esbuild/linux-ia32/-/linux-ia32-0.18.20.tgz",
      "integrity": "sha1-aZORzMupruYBm3+YkuuZIZ8VcKc=",
      "cpu": [
        "ia32"
      ],
      "dev": true,
      "license": "MIT",
      "optional": true,
      "os": [
        "linux"
      ],
      "engines": {
        "node": ">=12"
      }
    },
    "node_modules/@esbuild/linux-loong64": {
      "version": "0.18.20",
      "resolved": "https://pkgs.dev.azure.com/stacc-insight/Pipelines/_packaging/frontend/npm/registry/@esbuild/linux-loong64/-/linux-loong64-0.18.20.tgz",
      "integrity": "sha1-5vzLeqwXjdL/uYYEZayJ1/I7l30=",
      "cpu": [
        "loong64"
      ],
      "dev": true,
      "license": "MIT",
      "optional": true,
      "os": [
        "linux"
      ],
      "engines": {
        "node": ">=12"
      }
    },
    "node_modules/@esbuild/linux-mips64el": {
      "version": "0.18.20",
      "resolved": "https://pkgs.dev.azure.com/stacc-insight/Pipelines/_packaging/frontend/npm/registry/@esbuild/linux-mips64el/-/linux-mips64el-0.18.20.tgz",
      "integrity": "sha1-7v86k33pwjEN4wYiqVetG9kYMjE=",
      "cpu": [
        "mips64el"
      ],
      "dev": true,
      "license": "MIT",
      "optional": true,
      "os": [
        "linux"
      ],
      "engines": {
        "node": ">=12"
      }
    },
    "node_modules/@esbuild/linux-ppc64": {
      "version": "0.18.20",
      "resolved": "https://pkgs.dev.azure.com/stacc-insight/Pipelines/_packaging/frontend/npm/registry/@esbuild/linux-ppc64/-/linux-ppc64-0.18.20.tgz",
      "integrity": "sha1-L3FWveILAVJ5k+aIFDWtebqVmfs=",
      "cpu": [
        "ppc64"
      ],
      "dev": true,
      "license": "MIT",
      "optional": true,
      "os": [
        "linux"
      ],
      "engines": {
        "node": ">=12"
      }
    },
    "node_modules/@esbuild/linux-riscv64": {
      "version": "0.18.20",
      "resolved": "https://pkgs.dev.azure.com/stacc-insight/Pipelines/_packaging/frontend/npm/registry/@esbuild/linux-riscv64/-/linux-riscv64-0.18.20.tgz",
      "integrity": "sha1-Zig4nyEBI9i0dDBFr4yqfU3fx6Y=",
      "cpu": [
        "riscv64"
      ],
      "dev": true,
      "license": "MIT",
      "optional": true,
      "os": [
        "linux"
      ],
      "engines": {
        "node": ">=12"
      }
    },
    "node_modules/@esbuild/linux-s390x": {
      "version": "0.18.20",
      "resolved": "https://pkgs.dev.azure.com/stacc-insight/Pipelines/_packaging/frontend/npm/registry/@esbuild/linux-s390x/-/linux-s390x-0.18.20.tgz",
      "integrity": "sha1-JV6B+yibEBAmExhYq5n7pj3PAHE=",
      "cpu": [
        "s390x"
      ],
      "dev": true,
      "license": "MIT",
      "optional": true,
      "os": [
        "linux"
      ],
      "engines": {
        "node": ">=12"
      }
    },
    "node_modules/@esbuild/linux-x64": {
      "version": "0.18.20",
      "resolved": "https://pkgs.dev.azure.com/stacc-insight/Pipelines/_packaging/frontend/npm/registry/@esbuild/linux-x64/-/linux-x64-0.18.20.tgz",
      "integrity": "sha1-x2kLNBevMYqbb5bfMDGohlF20zg=",
      "cpu": [
        "x64"
      ],
      "dev": true,
      "license": "MIT",
      "optional": true,
      "os": [
        "linux"
      ],
      "engines": {
        "node": ">=12"
      }
    },
    "node_modules/@esbuild/netbsd-x64": {
      "version": "0.18.20",
      "resolved": "https://pkgs.dev.azure.com/stacc-insight/Pipelines/_packaging/frontend/npm/registry/@esbuild/netbsd-x64/-/netbsd-x64-0.18.20.tgz",
      "integrity": "sha1-MOjNij3e1jl14t8kOMoQlgHr4NE=",
      "cpu": [
        "x64"
      ],
      "dev": true,
      "license": "MIT",
      "optional": true,
      "os": [
        "netbsd"
      ],
      "engines": {
        "node": ">=12"
      }
    },
    "node_modules/@esbuild/openbsd-x64": {
      "version": "0.18.20",
      "resolved": "https://pkgs.dev.azure.com/stacc-insight/Pipelines/_packaging/frontend/npm/registry/@esbuild/openbsd-x64/-/openbsd-x64-0.18.20.tgz",
      "integrity": "sha1-eBKvMbIFBVh0yAguqc+asNpiF64=",
      "cpu": [
        "x64"
      ],
      "dev": true,
      "license": "MIT",
      "optional": true,
      "os": [
        "openbsd"
      ],
      "engines": {
        "node": ">=12"
      }
    },
    "node_modules/@esbuild/sunos-x64": {
      "version": "0.18.20",
      "resolved": "https://pkgs.dev.azure.com/stacc-insight/Pipelines/_packaging/frontend/npm/registry/@esbuild/sunos-x64/-/sunos-x64-0.18.20.tgz",
      "integrity": "sha1-1cJ1w7TnPJsOzTjRymLAIPiHq50=",
      "cpu": [
        "x64"
      ],
      "dev": true,
      "license": "MIT",
      "optional": true,
      "os": [
        "sunos"
      ],
      "engines": {
        "node": ">=12"
      }
    },
    "node_modules/@esbuild/win32-arm64": {
      "version": "0.18.20",
      "resolved": "https://pkgs.dev.azure.com/stacc-insight/Pipelines/_packaging/frontend/npm/registry/@esbuild/win32-arm64/-/win32-arm64-0.18.20.tgz",
      "integrity": "sha1-c7x/Wp+Kd4BfNX+rl/KQ0OSCCsk=",
      "cpu": [
        "arm64"
      ],
      "dev": true,
      "license": "MIT",
      "optional": true,
      "os": [
        "win32"
      ],
      "engines": {
        "node": ">=12"
      }
    },
    "node_modules/@esbuild/win32-ia32": {
      "version": "0.18.20",
      "resolved": "https://pkgs.dev.azure.com/stacc-insight/Pipelines/_packaging/frontend/npm/registry/@esbuild/win32-ia32/-/win32-ia32-0.18.20.tgz",
      "integrity": "sha1-7JPL8O8QhcwS5x4NZh0gVp/0IQI=",
      "cpu": [
        "ia32"
      ],
      "dev": true,
      "license": "MIT",
      "optional": true,
      "os": [
        "win32"
      ],
      "engines": {
        "node": ">=12"
      }
    },
    "node_modules/@esbuild/win32-x64": {
      "version": "0.18.20",
      "resolved": "https://pkgs.dev.azure.com/stacc-insight/Pipelines/_packaging/frontend/npm/registry/@esbuild/win32-x64/-/win32-x64-0.18.20.tgz",
      "integrity": "sha1-eGxfQfBDsHr7GvN2g9fDNmiFj20=",
      "cpu": [
        "x64"
      ],
      "dev": true,
      "license": "MIT",
      "optional": true,
      "os": [
        "win32"
      ],
      "engines": {
        "node": ">=12"
      }
    },
    "node_modules/@jridgewell/sourcemap-codec": {
      "version": "1.4.15",
      "resolved": "https://pkgs.dev.azure.com/stacc-insight/Pipelines/_packaging/frontend/npm/registry/@jridgewell/sourcemap-codec/-/sourcemap-codec-1.4.15.tgz",
      "integrity": "sha1-18bmdVx4VnqVHgSrUu8P0m3lnzI=",
      "license": "MIT"
    },
    "node_modules/@vitejs/plugin-vue": {
      "version": "4.5.1",
      "resolved": "https://pkgs.dev.azure.com/stacc-insight/Pipelines/_packaging/frontend/npm/registry/@vitejs/plugin-vue/-/plugin-vue-4.5.1.tgz",
      "integrity": "sha1-hIFb/rRpKMA6ntdl5KhCXCI0XhU=",
      "dev": true,
      "license": "MIT",
      "engines": {
        "node": "^14.18.0 || >=16.0.0"
      },
      "peerDependencies": {
        "vite": "^4.0.0 || ^5.0.0",
        "vue": "^3.2.25"
      }
    },
    "node_modules/@vue/compiler-core": {
      "version": "3.3.9",
      "resolved": "https://pkgs.dev.azure.com/stacc-insight/Pipelines/_packaging/frontend/npm/registry/@vue/compiler-core/-/compiler-core-3.3.9.tgz",
      "integrity": "sha1-3x/HlH3O9cLhLSV+rlQAV3B/R9E=",
      "license": "MIT",
      "dependencies": {
        "@babel/parser": "^7.23.3",
        "@vue/shared": "3.3.9",
        "estree-walker": "^2.0.2",
        "source-map-js": "^1.0.2"
      }
    },
    "node_modules/@vue/compiler-dom": {
      "version": "3.3.9",
      "resolved": "https://pkgs.dev.azure.com/stacc-insight/Pipelines/_packaging/frontend/npm/registry/@vue/compiler-dom/-/compiler-dom-3.3.9.tgz",
      "integrity": "sha1-ZzFepBk9nRjHpxCIm4+Q96o5FNI=",
      "license": "MIT",
      "dependencies": {
        "@vue/compiler-core": "3.3.9",
        "@vue/shared": "3.3.9"
      }
    },
    "node_modules/@vue/compiler-sfc": {
      "version": "3.3.9",
      "resolved": "https://pkgs.dev.azure.com/stacc-insight/Pipelines/_packaging/frontend/npm/registry/@vue/compiler-sfc/-/compiler-sfc-3.3.9.tgz",
      "integrity": "sha1-WQCQa6uhqQOJIA2BdTrQ9865ioM=",
      "license": "MIT",
      "dependencies": {
        "@babel/parser": "^7.23.3",
        "@vue/compiler-core": "3.3.9",
        "@vue/compiler-dom": "3.3.9",
        "@vue/compiler-ssr": "3.3.9",
        "@vue/reactivity-transform": "3.3.9",
        "@vue/shared": "3.3.9",
        "estree-walker": "^2.0.2",
        "magic-string": "^0.30.5",
        "postcss": "^8.4.31",
        "source-map-js": "^1.0.2"
      }
    },
    "node_modules/@vue/compiler-ssr": {
      "version": "3.3.9",
      "resolved": "https://pkgs.dev.azure.com/stacc-insight/Pipelines/_packaging/frontend/npm/registry/@vue/compiler-ssr/-/compiler-ssr-3.3.9.tgz",
      "integrity": "sha1-Oz2/pTaBZfpP90wGBQO0CH7Bvu0=",
      "license": "MIT",
      "dependencies": {
        "@vue/compiler-dom": "3.3.9",
        "@vue/shared": "3.3.9"
      }
    },
    "node_modules/@vue/reactivity": {
      "version": "3.3.9",
      "resolved": "https://pkgs.dev.azure.com/stacc-insight/Pipelines/_packaging/frontend/npm/registry/@vue/reactivity/-/reactivity-3.3.9.tgz",
      "integrity": "sha1-4o6Acb107c3ZyHtmetAOj72NaSA=",
      "license": "MIT",
      "dependencies": {
        "@vue/shared": "3.3.9"
      }
    },
    "node_modules/@vue/reactivity-transform": {
      "version": "3.3.9",
      "resolved": "https://pkgs.dev.azure.com/stacc-insight/Pipelines/_packaging/frontend/npm/registry/@vue/reactivity-transform/-/reactivity-transform-3.3.9.tgz",
      "integrity": "sha1-XYlN2aQqQiotswm6uzhfmiUptS8=",
      "license": "MIT",
      "dependencies": {
        "@babel/parser": "^7.23.3",
        "@vue/compiler-core": "3.3.9",
        "@vue/shared": "3.3.9",
        "estree-walker": "^2.0.2",
        "magic-string": "^0.30.5"
      }
    },
    "node_modules/@vue/runtime-core": {
      "version": "3.3.9",
      "resolved": "https://pkgs.dev.azure.com/stacc-insight/Pipelines/_packaging/frontend/npm/registry/@vue/runtime-core/-/runtime-core-3.3.9.tgz",
      "integrity": "sha1-yDW3f33Hrl8lHpPyd7VJY+obXDE=",
      "license": "MIT",
      "dependencies": {
        "@vue/reactivity": "3.3.9",
        "@vue/shared": "3.3.9"
      }
    },
    "node_modules/@vue/runtime-dom": {
      "version": "3.3.9",
      "resolved": "https://pkgs.dev.azure.com/stacc-insight/Pipelines/_packaging/frontend/npm/registry/@vue/runtime-dom/-/runtime-dom-3.3.9.tgz",
      "integrity": "sha1-aAgdmBaVoinXL0Mf7QsM3ZFhzlM=",
      "license": "MIT",
      "dependencies": {
        "@vue/runtime-core": "3.3.9",
        "@vue/shared": "3.3.9",
        "csstype": "^3.1.2"
      }
    },
    "node_modules/@vue/server-renderer": {
      "version": "3.3.9",
      "resolved": "https://pkgs.dev.azure.com/stacc-insight/Pipelines/_packaging/frontend/npm/registry/@vue/server-renderer/-/server-renderer-3.3.9.tgz",
      "integrity": "sha1-/7Qbycevr8xgjQxQDp1rCvfWj60=",
      "license": "MIT",
      "dependencies": {
        "@vue/compiler-ssr": "3.3.9",
        "@vue/shared": "3.3.9"
      },
      "peerDependencies": {
        "vue": "3.3.9"
      }
    },
    "node_modules/@vue/shared": {
      "version": "3.3.9",
      "resolved": "https://pkgs.dev.azure.com/stacc-insight/Pipelines/_packaging/frontend/npm/registry/@vue/shared/-/shared-3.3.9.tgz",
      "integrity": "sha1-33QNJtM4+vA+CcpmKoAxrPZgUds=",
      "license": "MIT"
    },
    "node_modules/csstype": {
      "version": "3.1.2",
      "resolved": "https://pkgs.dev.azure.com/stacc-insight/Pipelines/_packaging/frontend/npm/registry/csstype/-/csstype-3.1.2.tgz",
      "integrity": "sha1-HUv51XLxHBQDHwQ24cELwfVx9Qs=",
      "license": "MIT"
    },
    "node_modules/esbuild": {
      "version": "0.18.20",
      "resolved": "https://pkgs.dev.azure.com/stacc-insight/Pipelines/_packaging/frontend/npm/registry/esbuild/-/esbuild-0.18.20.tgz",
      "integrity": "sha1-Rwn1o0gBtDt5mrfW2C9yhKm3p6Y=",
      "dev": true,
      "hasInstallScript": true,
      "license": "MIT",
      "bin": {
        "esbuild": "bin/esbuild"
      },
      "engines": {
        "node": ">=12"
      },
      "optionalDependencies": {
        "@esbuild/android-arm": "0.18.20",
        "@esbuild/android-arm64": "0.18.20",
        "@esbuild/android-x64": "0.18.20",
        "@esbuild/darwin-arm64": "0.18.20",
        "@esbuild/darwin-x64": "0.18.20",
        "@esbuild/freebsd-arm64": "0.18.20",
        "@esbuild/freebsd-x64": "0.18.20",
        "@esbuild/linux-arm": "0.18.20",
        "@esbuild/linux-arm64": "0.18.20",
        "@esbuild/linux-ia32": "0.18.20",
        "@esbuild/linux-loong64": "0.18.20",
        "@esbuild/linux-mips64el": "0.18.20",
        "@esbuild/linux-ppc64": "0.18.20",
        "@esbuild/linux-riscv64": "0.18.20",
        "@esbuild/linux-s390x": "0.18.20",
        "@esbuild/linux-x64": "0.18.20",
        "@esbuild/netbsd-x64": "0.18.20",
        "@esbuild/openbsd-x64": "0.18.20",
        "@esbuild/sunos-x64": "0.18.20",
        "@esbuild/win32-arm64": "0.18.20",
        "@esbuild/win32-ia32": "0.18.20",
        "@esbuild/win32-x64": "0.18.20"
      }
    },
    "node_modules/estree-walker": {
      "version": "2.0.2",
      "resolved": "https://pkgs.dev.azure.com/stacc-insight/Pipelines/_packaging/frontend/npm/registry/estree-walker/-/estree-walker-2.0.2.tgz",
      "integrity": "sha1-UvAQF4wqTBF6d1fP6UKtt9LaTKw=",
      "license": "MIT"
    },
    "node_modules/fsevents": {
      "version": "2.3.3",
      "resolved": "https://pkgs.dev.azure.com/stacc-insight/Pipelines/_packaging/frontend/npm/registry/fsevents/-/fsevents-2.3.3.tgz",
      "integrity": "sha1-ysZAd4XQNnWipeGlMFxpezR9kNY=",
      "dev": true,
      "license": "MIT",
      "optional": true,
      "os": [
        "darwin"
      ],
      "engines": {
        "node": "^8.16.0 || ^10.6.0 || >=11.0.0"
      }
    },
    "node_modules/magic-string": {
      "version": "0.30.5",
      "resolved": "https://pkgs.dev.azure.com/stacc-insight/Pipelines/_packaging/frontend/npm/registry/magic-string/-/magic-string-0.30.5.tgz",
      "integrity": "sha1-GZTZgL0ciDXcbnjbfL1K5PJHRvk=",
      "license": "MIT",
      "dependencies": {
        "@jridgewell/sourcemap-codec": "^1.4.15"
      },
      "engines": {
        "node": ">=12"
      }
    },
    "node_modules/nanoid": {
      "version": "3.3.7",
      "resolved": "https://pkgs.dev.azure.com/stacc-insight/Pipelines/_packaging/frontend/npm/registry/nanoid/-/nanoid-3.3.7.tgz",
      "integrity": "sha1-0MMBppG8jVTvoKIibM8/4v1la9g=",
      "funding": [
        {
          "type": "github",
          "url": "https://github.com/sponsors/ai"
        }
      ],
      "license": "MIT",
      "bin": {
        "nanoid": "bin/nanoid.cjs"
      },
      "engines": {
        "node": "^10 || ^12 || ^13.7 || ^14 || >=15.0.1"
      }
    },
    "node_modules/picocolors": {
      "version": "1.0.0",
      "resolved": "https://pkgs.dev.azure.com/stacc-insight/Pipelines/_packaging/frontend/npm/registry/picocolors/-/picocolors-1.0.0.tgz",
      "integrity": "sha1-y1vcdP8/UYkiNur3nWi8RFZKuBw=",
      "license": "ISC"
    },
    "node_modules/postcss": {
      "version": "8.4.32",
      "resolved": "https://pkgs.dev.azure.com/stacc-insight/Pipelines/_packaging/frontend/npm/registry/postcss/-/postcss-8.4.32.tgz",
      "integrity": "sha1-HaxqxRqxmtshuLNP0tk6hkQO9sk=",
      "funding": [
        {
          "type": "opencollective",
          "url": "https://opencollective.com/postcss/"
        },
        {
          "type": "tidelift",
          "url": "https://tidelift.com/funding/github/npm/postcss"
        },
        {
          "type": "github",
          "url": "https://github.com/sponsors/ai"
        }
      ],
      "license": "MIT",
      "dependencies": {
        "nanoid": "^3.3.7",
        "picocolors": "^1.0.0",
        "source-map-js": "^1.0.2"
      },
      "engines": {
        "node": "^10 || ^12 || >=14"
      }
    },
    "node_modules/rollup": {
      "version": "3.29.4",
      "resolved": "https://pkgs.dev.azure.com/stacc-insight/Pipelines/_packaging/frontend/npm/registry/rollup/-/rollup-3.29.4.tgz",
      "integrity": "sha1-TXDA+YNBRt+HBb+2mpoZyeEQmYE=",
      "dev": true,
      "license": "MIT",
      "bin": {
        "rollup": "dist/bin/rollup"
      },
      "engines": {
        "node": ">=14.18.0",
        "npm": ">=8.0.0"
      },
      "optionalDependencies": {
        "fsevents": "~2.3.2"
      }
    },
    "node_modules/source-map-js": {
      "version": "1.0.2",
      "resolved": "https://pkgs.dev.azure.com/stacc-insight/Pipelines/_packaging/frontend/npm/registry/source-map-js/-/source-map-js-1.0.2.tgz",
      "integrity": "sha1-rbw2HZxi3zgBJefxYfccgm8eSQw=",
      "license": "BSD-3-Clause",
      "engines": {
        "node": ">=0.10.0"
      }
    },
    "node_modules/vite": {
      "version": "4.5.0",
      "resolved": "https://pkgs.dev.azure.com/stacc-insight/Pipelines/_packaging/frontend/npm/registry/vite/-/vite-4.5.0.tgz",
      "integrity": "sha1-7EBilbQWesO8I+JvnI/1WSh8/yY=",
      "dev": true,
      "license": "MIT",
      "dependencies": {
        "esbuild": "^0.18.10",
        "postcss": "^8.4.27",
        "rollup": "^3.27.1"
      },
      "bin": {
        "vite": "bin/vite.js"
      },
      "engines": {
        "node": "^14.18.0 || >=16.0.0"
      },
      "funding": {
        "url": "https://github.com/vitejs/vite?sponsor=1"
      },
      "optionalDependencies": {
        "fsevents": "~2.3.2"
      },
      "peerDependencies": {
        "@types/node": ">= 14",
        "less": "*",
        "lightningcss": "^1.21.0",
        "sass": "*",
        "stylus": "*",
        "sugarss": "*",
        "terser": "^5.4.0"
      },
      "peerDependenciesMeta": {
        "@types/node": {
          "optional": true
        },
        "less": {
          "optional": true
        },
        "lightningcss": {
          "optional": true
        },
        "sass": {
          "optional": true
        },
        "stylus": {
          "optional": true
        },
        "sugarss": {
          "optional": true
        },
        "terser": {
          "optional": true
        }
      }
    },
    "node_modules/vue": {
      "version": "3.3.9",
      "resolved": "https://pkgs.dev.azure.com/stacc-insight/Pipelines/_packaging/frontend/npm/registry/vue/-/vue-3.3.9.tgz",
      "integrity": "sha1-IZouxo6NTQsBgEYK8PW5KZs/Px8=",
      "license": "MIT",
      "dependencies": {
        "@vue/compiler-dom": "3.3.9",
        "@vue/compiler-sfc": "3.3.9",
        "@vue/runtime-dom": "3.3.9",
        "@vue/server-renderer": "3.3.9",
        "@vue/shared": "3.3.9"
      },
      "peerDependencies": {
        "typescript": "*"
      },
      "peerDependenciesMeta": {
        "typescript": {
          "optional": true
        }
      }
    }
  },
  "dependencies": {
    "@babel/parser": {
      "version": "7.23.5",
      "resolved": "https://pkgs.dev.azure.com/stacc-insight/Pipelines/_packaging/frontend/npm/registry/@babel/parser/-/parser-7.23.5.tgz",
      "integrity": "sha1-N97pfEdSrxSOHTjDS4VrJQdmBWM="
    },
    "@esbuild/android-arm": {
      "version": "0.18.20",
      "resolved": "https://pkgs.dev.azure.com/stacc-insight/Pipelines/_packaging/frontend/npm/registry/@esbuild/android-arm/-/android-arm-0.18.20.tgz",
      "integrity": "sha1-/tsmW8OlichMwR+BCATyNJR8NoI=",
      "dev": true,
      "optional": true
    },
    "@esbuild/android-arm64": {
      "version": "0.18.20",
      "resolved": "https://pkgs.dev.azure.com/stacc-insight/Pipelines/_packaging/frontend/npm/registry/@esbuild/android-arm64/-/android-arm64-0.18.20.tgz",
      "integrity": "sha1-mEtPnI0Dd0Q8wt/O8mbQIkRZNiI=",
      "dev": true,
      "optional": true
    },
    "@esbuild/android-x64": {
      "version": "0.18.20",
      "resolved": "https://pkgs.dev.azure.com/stacc-insight/Pipelines/_packaging/frontend/npm/registry/@esbuild/android-x64/-/android-x64-0.18.20.tgz",
      "integrity": "sha1-Nc9BnEz8i6voiT0pbNmQ6en3VvI=",
      "dev": true,
      "optional": true
    },
    "@esbuild/darwin-arm64": {
      "version": "0.18.20",
      "resolved": "https://pkgs.dev.azure.com/stacc-insight/Pipelines/_packaging/frontend/npm/registry/@esbuild/darwin-arm64/-/darwin-arm64-0.18.20.tgz",
      "integrity": "sha1-CBcsvsz5X7w4M5mn85z73a6w18E=",
      "dev": true,
      "optional": true
    },
    "@esbuild/darwin-x64": {
      "version": "0.18.20",
      "resolved": "https://pkgs.dev.azure.com/stacc-insight/Pipelines/_packaging/frontend/npm/registry/@esbuild/darwin-x64/-/darwin-x64-0.18.20.tgz",
      "integrity": "sha1-1w1XkNi/R1VWtn0Pi3xb3/BT2F0=",
      "dev": true,
      "optional": true
    },
    "@esbuild/freebsd-arm64": {
      "version": "0.18.20",
      "resolved": "https://pkgs.dev.azure.com/stacc-insight/Pipelines/_packaging/frontend/npm/registry/@esbuild/freebsd-arm64/-/freebsd-arm64-0.18.20.tgz",
      "integrity": "sha1-mHVc0ScH+T8hDiSU1qS1G5aXf1Q=",
      "dev": true,
      "optional": true
    },
    "@esbuild/freebsd-x64": {
      "version": "0.18.20",
      "resolved": "https://pkgs.dev.azure.com/stacc-insight/Pipelines/_packaging/frontend/npm/registry/@esbuild/freebsd-x64/-/freebsd-x64-0.18.20.tgz",
      "integrity": "sha1-wesr/wORX4fCnOzkwaf6H0I7Bm4=",
      "dev": true,
      "optional": true
    },
    "@esbuild/linux-arm": {
      "version": "0.18.20",
      "resolved": "https://pkgs.dev.azure.com/stacc-insight/Pipelines/_packaging/frontend/npm/registry/@esbuild/linux-arm/-/linux-arm-0.18.20.tgz",
      "integrity": "sha1-PmF8YfM1CKJxUO5BdUPIq1rMc7A=",
      "dev": true,
      "optional": true
    },
    "@esbuild/linux-arm64": {
      "version": "0.18.20",
      "resolved": "https://pkgs.dev.azure.com/stacc-insight/Pipelines/_packaging/frontend/npm/registry/@esbuild/linux-arm64/-/linux-arm64-0.18.20.tgz",
      "integrity": "sha1-utQji9j0/CW1oCEoDHcKtfw6AqA=",
      "dev": true,
      "optional": true
    },
    "@esbuild/linux-ia32": {
      "version": "0.18.20",
      "resolved": "https://pkgs.dev.azure.com/stacc-insight/Pipelines/_packaging/frontend/npm/registry/@esbuild/linux-ia32/-/linux-ia32-0.18.20.tgz",
      "integrity": "sha1-aZORzMupruYBm3+YkuuZIZ8VcKc=",
      "dev": true,
      "optional": true
    },
    "@esbuild/linux-loong64": {
      "version": "0.18.20",
      "resolved": "https://pkgs.dev.azure.com/stacc-insight/Pipelines/_packaging/frontend/npm/registry/@esbuild/linux-loong64/-/linux-loong64-0.18.20.tgz",
      "integrity": "sha1-5vzLeqwXjdL/uYYEZayJ1/I7l30=",
      "dev": true,
      "optional": true
    },
    "@esbuild/linux-mips64el": {
      "version": "0.18.20",
      "resolved": "https://pkgs.dev.azure.com/stacc-insight/Pipelines/_packaging/frontend/npm/registry/@esbuild/linux-mips64el/-/linux-mips64el-0.18.20.tgz",
      "integrity": "sha1-7v86k33pwjEN4wYiqVetG9kYMjE=",
      "dev": true,
      "optional": true
    },
    "@esbuild/linux-ppc64": {
      "version": "0.18.20",
      "resolved": "https://pkgs.dev.azure.com/stacc-insight/Pipelines/_packaging/frontend/npm/registry/@esbuild/linux-ppc64/-/linux-ppc64-0.18.20.tgz",
      "integrity": "sha1-L3FWveILAVJ5k+aIFDWtebqVmfs=",
      "dev": true,
      "optional": true
    },
    "@esbuild/linux-riscv64": {
      "version": "0.18.20",
      "resolved": "https://pkgs.dev.azure.com/stacc-insight/Pipelines/_packaging/frontend/npm/registry/@esbuild/linux-riscv64/-/linux-riscv64-0.18.20.tgz",
      "integrity": "sha1-Zig4nyEBI9i0dDBFr4yqfU3fx6Y=",
      "dev": true,
      "optional": true
    },
    "@esbuild/linux-s390x": {
      "version": "0.18.20",
      "resolved": "https://pkgs.dev.azure.com/stacc-insight/Pipelines/_packaging/frontend/npm/registry/@esbuild/linux-s390x/-/linux-s390x-0.18.20.tgz",
      "integrity": "sha1-JV6B+yibEBAmExhYq5n7pj3PAHE=",
      "dev": true,
      "optional": true
    },
    "@esbuild/linux-x64": {
      "version": "0.18.20",
      "resolved": "https://pkgs.dev.azure.com/stacc-insight/Pipelines/_packaging/frontend/npm/registry/@esbuild/linux-x64/-/linux-x64-0.18.20.tgz",
      "integrity": "sha1-x2kLNBevMYqbb5bfMDGohlF20zg=",
      "dev": true,
      "optional": true
    },
    "@esbuild/netbsd-x64": {
      "version": "0.18.20",
      "resolved": "https://pkgs.dev.azure.com/stacc-insight/Pipelines/_packaging/frontend/npm/registry/@esbuild/netbsd-x64/-/netbsd-x64-0.18.20.tgz",
      "integrity": "sha1-MOjNij3e1jl14t8kOMoQlgHr4NE=",
      "dev": true,
      "optional": true
    },
    "@esbuild/openbsd-x64": {
      "version": "0.18.20",
      "resolved": "https://pkgs.dev.azure.com/stacc-insight/Pipelines/_packaging/frontend/npm/registry/@esbuild/openbsd-x64/-/openbsd-x64-0.18.20.tgz",
      "integrity": "sha1-eBKvMbIFBVh0yAguqc+asNpiF64=",
      "dev": true,
      "optional": true
    },
    "@esbuild/sunos-x64": {
      "version": "0.18.20",
      "resolved": "https://pkgs.dev.azure.com/stacc-insight/Pipelines/_packaging/frontend/npm/registry/@esbuild/sunos-x64/-/sunos-x64-0.18.20.tgz",
      "integrity": "sha1-1cJ1w7TnPJsOzTjRymLAIPiHq50=",
      "dev": true,
      "optional": true
    },
    "@esbuild/win32-arm64": {
      "version": "0.18.20",
      "resolved": "https://pkgs.dev.azure.com/stacc-insight/Pipelines/_packaging/frontend/npm/registry/@esbuild/win32-arm64/-/win32-arm64-0.18.20.tgz",
      "integrity": "sha1-c7x/Wp+Kd4BfNX+rl/KQ0OSCCsk=",
      "dev": true,
      "optional": true
    },
    "@esbuild/win32-ia32": {
      "version": "0.18.20",
      "resolved": "https://pkgs.dev.azure.com/stacc-insight/Pipelines/_packaging/frontend/npm/registry/@esbuild/win32-ia32/-/win32-ia32-0.18.20.tgz",
      "integrity": "sha1-7JPL8O8QhcwS5x4NZh0gVp/0IQI=",
      "dev": true,
      "optional": true
    },
    "@esbuild/win32-x64": {
      "version": "0.18.20",
      "resolved": "https://pkgs.dev.azure.com/stacc-insight/Pipelines/_packaging/frontend/npm/registry/@esbuild/win32-x64/-/win32-x64-0.18.20.tgz",
      "integrity": "sha1-eGxfQfBDsHr7GvN2g9fDNmiFj20=",
      "dev": true,
      "optional": true
    },
    "@jridgewell/sourcemap-codec": {
      "version": "1.4.15",
      "resolved": "https://pkgs.dev.azure.com/stacc-insight/Pipelines/_packaging/frontend/npm/registry/@jridgewell/sourcemap-codec/-/sourcemap-codec-1.4.15.tgz",
      "integrity": "sha1-18bmdVx4VnqVHgSrUu8P0m3lnzI="
    },
    "@vitejs/plugin-vue": {
      "version": "4.5.1",
      "resolved": "https://pkgs.dev.azure.com/stacc-insight/Pipelines/_packaging/frontend/npm/registry/@vitejs/plugin-vue/-/plugin-vue-4.5.1.tgz",
      "integrity": "sha1-hIFb/rRpKMA6ntdl5KhCXCI0XhU=",
      "dev": true,
      "requires": {}
    },
    "@vue/compiler-core": {
      "version": "3.3.9",
      "resolved": "https://pkgs.dev.azure.com/stacc-insight/Pipelines/_packaging/frontend/npm/registry/@vue/compiler-core/-/compiler-core-3.3.9.tgz",
      "integrity": "sha1-3x/HlH3O9cLhLSV+rlQAV3B/R9E=",
      "requires": {
        "@babel/parser": "^7.23.3",
        "@vue/shared": "3.3.9",
        "estree-walker": "^2.0.2",
        "source-map-js": "^1.0.2"
      }
    },
    "@vue/compiler-dom": {
      "version": "3.3.9",
      "resolved": "https://pkgs.dev.azure.com/stacc-insight/Pipelines/_packaging/frontend/npm/registry/@vue/compiler-dom/-/compiler-dom-3.3.9.tgz",
      "integrity": "sha1-ZzFepBk9nRjHpxCIm4+Q96o5FNI=",
      "requires": {
        "@vue/compiler-core": "3.3.9",
        "@vue/shared": "3.3.9"
      }
    },
    "@vue/compiler-sfc": {
      "version": "3.3.9",
      "resolved": "https://pkgs.dev.azure.com/stacc-insight/Pipelines/_packaging/frontend/npm/registry/@vue/compiler-sfc/-/compiler-sfc-3.3.9.tgz",
      "integrity": "sha1-WQCQa6uhqQOJIA2BdTrQ9865ioM=",
      "requires": {
        "@babel/parser": "^7.23.3",
        "@vue/compiler-core": "3.3.9",
        "@vue/compiler-dom": "3.3.9",
        "@vue/compiler-ssr": "3.3.9",
        "@vue/reactivity-transform": "3.3.9",
        "@vue/shared": "3.3.9",
        "estree-walker": "^2.0.2",
        "magic-string": "^0.30.5",
        "postcss": "^8.4.31",
        "source-map-js": "^1.0.2"
      }
    },
    "@vue/compiler-ssr": {
      "version": "3.3.9",
      "resolved": "https://pkgs.dev.azure.com/stacc-insight/Pipelines/_packaging/frontend/npm/registry/@vue/compiler-ssr/-/compiler-ssr-3.3.9.tgz",
      "integrity": "sha1-Oz2/pTaBZfpP90wGBQO0CH7Bvu0=",
      "requires": {
        "@vue/compiler-dom": "3.3.9",
        "@vue/shared": "3.3.9"
      }
    },
    "@vue/reactivity": {
      "version": "3.3.9",
      "resolved": "https://pkgs.dev.azure.com/stacc-insight/Pipelines/_packaging/frontend/npm/registry/@vue/reactivity/-/reactivity-3.3.9.tgz",
      "integrity": "sha1-4o6Acb107c3ZyHtmetAOj72NaSA=",
      "requires": {
        "@vue/shared": "3.3.9"
      }
    },
    "@vue/reactivity-transform": {
      "version": "3.3.9",
      "resolved": "https://pkgs.dev.azure.com/stacc-insight/Pipelines/_packaging/frontend/npm/registry/@vue/reactivity-transform/-/reactivity-transform-3.3.9.tgz",
      "integrity": "sha1-XYlN2aQqQiotswm6uzhfmiUptS8=",
      "requires": {
        "@babel/parser": "^7.23.3",
        "@vue/compiler-core": "3.3.9",
        "@vue/shared": "3.3.9",
        "estree-walker": "^2.0.2",
        "magic-string": "^0.30.5"
      }
    },
    "@vue/runtime-core": {
      "version": "3.3.9",
      "resolved": "https://pkgs.dev.azure.com/stacc-insight/Pipelines/_packaging/frontend/npm/registry/@vue/runtime-core/-/runtime-core-3.3.9.tgz",
      "integrity": "sha1-yDW3f33Hrl8lHpPyd7VJY+obXDE=",
      "requires": {
        "@vue/reactivity": "3.3.9",
        "@vue/shared": "3.3.9"
      }
    },
    "@vue/runtime-dom": {
      "version": "3.3.9",
      "resolved": "https://pkgs.dev.azure.com/stacc-insight/Pipelines/_packaging/frontend/npm/registry/@vue/runtime-dom/-/runtime-dom-3.3.9.tgz",
      "integrity": "sha1-aAgdmBaVoinXL0Mf7QsM3ZFhzlM=",
      "requires": {
        "@vue/runtime-core": "3.3.9",
        "@vue/shared": "3.3.9",
        "csstype": "^3.1.2"
      }
    },
    "@vue/server-renderer": {
      "version": "3.3.9",
      "resolved": "https://pkgs.dev.azure.com/stacc-insight/Pipelines/_packaging/frontend/npm/registry/@vue/server-renderer/-/server-renderer-3.3.9.tgz",
      "integrity": "sha1-/7Qbycevr8xgjQxQDp1rCvfWj60=",
      "requires": {
        "@vue/compiler-ssr": "3.3.9",
        "@vue/shared": "3.3.9"
      }
    },
    "@vue/shared": {
      "version": "3.3.9",
      "resolved": "https://pkgs.dev.azure.com/stacc-insight/Pipelines/_packaging/frontend/npm/registry/@vue/shared/-/shared-3.3.9.tgz",
      "integrity": "sha1-33QNJtM4+vA+CcpmKoAxrPZgUds="
    },
    "csstype": {
      "version": "3.1.2",
      "resolved": "https://pkgs.dev.azure.com/stacc-insight/Pipelines/_packaging/frontend/npm/registry/csstype/-/csstype-3.1.2.tgz",
      "integrity": "sha1-HUv51XLxHBQDHwQ24cELwfVx9Qs="
    },
    "esbuild": {
      "version": "0.18.20",
      "resolved": "https://pkgs.dev.azure.com/stacc-insight/Pipelines/_packaging/frontend/npm/registry/esbuild/-/esbuild-0.18.20.tgz",
      "integrity": "sha1-Rwn1o0gBtDt5mrfW2C9yhKm3p6Y=",
      "dev": true,
      "requires": {
        "@esbuild/android-arm": "0.18.20",
        "@esbuild/android-arm64": "0.18.20",
        "@esbuild/android-x64": "0.18.20",
        "@esbuild/darwin-arm64": "0.18.20",
        "@esbuild/darwin-x64": "0.18.20",
        "@esbuild/freebsd-arm64": "0.18.20",
        "@esbuild/freebsd-x64": "0.18.20",
        "@esbuild/linux-arm": "0.18.20",
        "@esbuild/linux-arm64": "0.18.20",
        "@esbuild/linux-ia32": "0.18.20",
        "@esbuild/linux-loong64": "0.18.20",
        "@esbuild/linux-mips64el": "0.18.20",
        "@esbuild/linux-ppc64": "0.18.20",
        "@esbuild/linux-riscv64": "0.18.20",
        "@esbuild/linux-s390x": "0.18.20",
        "@esbuild/linux-x64": "0.18.20",
        "@esbuild/netbsd-x64": "0.18.20",
        "@esbuild/openbsd-x64": "0.18.20",
        "@esbuild/sunos-x64": "0.18.20",
        "@esbuild/win32-arm64": "0.18.20",
        "@esbuild/win32-ia32": "0.18.20",
        "@esbuild/win32-x64": "0.18.20"
      }
    },
    "estree-walker": {
      "version": "2.0.2",
      "resolved": "https://pkgs.dev.azure.com/stacc-insight/Pipelines/_packaging/frontend/npm/registry/estree-walker/-/estree-walker-2.0.2.tgz",
      "integrity": "sha1-UvAQF4wqTBF6d1fP6UKtt9LaTKw="
    },
    "fsevents": {
      "version": "2.3.3",
      "resolved": "https://pkgs.dev.azure.com/stacc-insight/Pipelines/_packaging/frontend/npm/registry/fsevents/-/fsevents-2.3.3.tgz",
      "integrity": "sha1-ysZAd4XQNnWipeGlMFxpezR9kNY=",
      "dev": true,
      "optional": true
    },
    "magic-string": {
      "version": "0.30.5",
      "resolved": "https://pkgs.dev.azure.com/stacc-insight/Pipelines/_packaging/frontend/npm/registry/magic-string/-/magic-string-0.30.5.tgz",
      "integrity": "sha1-GZTZgL0ciDXcbnjbfL1K5PJHRvk=",
      "requires": {
        "@jridgewell/sourcemap-codec": "^1.4.15"
      }
    },
    "nanoid": {
      "version": "3.3.7",
      "resolved": "https://pkgs.dev.azure.com/stacc-insight/Pipelines/_packaging/frontend/npm/registry/nanoid/-/nanoid-3.3.7.tgz",
      "integrity": "sha1-0MMBppG8jVTvoKIibM8/4v1la9g="
    },
    "picocolors": {
      "version": "1.0.0",
      "resolved": "https://pkgs.dev.azure.com/stacc-insight/Pipelines/_packaging/frontend/npm/registry/picocolors/-/picocolors-1.0.0.tgz",
      "integrity": "sha1-y1vcdP8/UYkiNur3nWi8RFZKuBw="
    },
    "postcss": {
      "version": "8.4.32",
      "resolved": "https://pkgs.dev.azure.com/stacc-insight/Pipelines/_packaging/frontend/npm/registry/postcss/-/postcss-8.4.32.tgz",
      "integrity": "sha1-HaxqxRqxmtshuLNP0tk6hkQO9sk=",
      "requires": {
        "nanoid": "^3.3.7",
        "picocolors": "^1.0.0",
        "source-map-js": "^1.0.2"
      }
    },
    "rollup": {
      "version": "3.29.4",
      "resolved": "https://pkgs.dev.azure.com/stacc-insight/Pipelines/_packaging/frontend/npm/registry/rollup/-/rollup-3.29.4.tgz",
      "integrity": "sha1-TXDA+YNBRt+HBb+2mpoZyeEQmYE=",
      "dev": true,
      "requires": {
        "fsevents": "~2.3.2"
      }
    },
    "source-map-js": {
      "version": "1.0.2",
      "resolved": "https://pkgs.dev.azure.com/stacc-insight/Pipelines/_packaging/frontend/npm/registry/source-map-js/-/source-map-js-1.0.2.tgz",
      "integrity": "sha1-rbw2HZxi3zgBJefxYfccgm8eSQw="
    },
    "vite": {
      "version": "4.5.0",
      "resolved": "https://pkgs.dev.azure.com/stacc-insight/Pipelines/_packaging/frontend/npm/registry/vite/-/vite-4.5.0.tgz",
      "integrity": "sha1-7EBilbQWesO8I+JvnI/1WSh8/yY=",
      "dev": true,
      "requires": {
        "esbuild": "^0.18.10",
        "fsevents": "~2.3.2",
        "postcss": "^8.4.27",
        "rollup": "^3.27.1"
      }
    },
    "vue": {
      "version": "3.3.9",
      "resolved": "https://pkgs.dev.azure.com/stacc-insight/Pipelines/_packaging/frontend/npm/registry/vue/-/vue-3.3.9.tgz",
      "integrity": "sha1-IZouxo6NTQsBgEYK8PW5KZs/Px8=",
      "requires": {
        "@vue/compiler-dom": "3.3.9",
        "@vue/compiler-sfc": "3.3.9",
        "@vue/runtime-dom": "3.3.9",
        "@vue/server-renderer": "3.3.9",
        "@vue/shared": "3.3.9"
      }
    }
  }
}
